// !$*UTF8*$!
{
	archiveVersion = 1;
	classes = {
	};
	objectVersion = 50;
	objects = {

/* Begin PBXBuildFile section */
		88BA854C22D99BB000834F79 /* AppDelegate.swift in Sources */ = {isa = PBXBuildFile; fileRef = 88BA854B22D99BB000834F79 /* AppDelegate.swift */; };
		88BA854E22D99BB000834F79 /* SceneDelegate.swift in Sources */ = {isa = PBXBuildFile; fileRef = 88BA854D22D99BB000834F79 /* SceneDelegate.swift */; };
		88BA855022D99BB000834F79 /* ContentView.swift in Sources */ = {isa = PBXBuildFile; fileRef = 88BA854F22D99BB000834F79 /* ContentView.swift */; };
		88BA855222D99BB100834F79 /* Assets.xcassets in Resources */ = {isa = PBXBuildFile; fileRef = 88BA855122D99BB100834F79 /* Assets.xcassets */; };
		88BA855522D99BB100834F79 /* Preview Assets.xcassets in Resources */ = {isa = PBXBuildFile; fileRef = 88BA855422D99BB100834F79 /* Preview Assets.xcassets */; };
		88BA855822D99BB200834F79 /* LaunchScreen.storyboard in Resources */ = {isa = PBXBuildFile; fileRef = 88BA855622D99BB100834F79 /* LaunchScreen.storyboard */; };
		88BA856322D99BB200834F79 /* RGBullsEyeTests.swift in Sources */ = {isa = PBXBuildFile; fileRef = 88BA856222D99BB200834F79 /* RGBullsEyeTests.swift */; };
		88BA856E22D99BB200834F79 /* RGBullsEyeUITests.swift in Sources */ = {isa = PBXBuildFile; fileRef = 88BA856D22D99BB200834F79 /* RGBullsEyeUITests.swift */; };
/* End PBXBuildFile section */

/* Begin PBXContainerItemProxy section */
		88BA855F22D99BB200834F79 /* PBXContainerItemProxy */ = {
			isa = PBXContainerItemProxy;
			containerPortal = 88BA854022D99BB000834F79 /* Project object */;
			proxyType = 1;
			remoteGlobalIDString = 88BA854722D99BB000834F79;
			remoteInfo = RGBullsEye;
		};
		88BA856A22D99BB200834F79 /* PBXContainerItemProxy */ = {
			isa = PBXContainerItemProxy;
			containerPortal = 88BA854022D99BB000834F79 /* Project object */;
			proxyType = 1;
			remoteGlobalIDString = 88BA854722D99BB000834F79;
			remoteInfo = RGBullsEye;
		};
/* End PBXContainerItemProxy section */

/* Begin PBXFileReference section */
		88BA854822D99BB000834F79 /* RGBullsEye.app */ = {isa = PBXFileReference; explicitFileType = wrapper.application; includeInIndex = 0; path = RGBullsEye.app; sourceTree = BUILT_PRODUCTS_DIR; };
		88BA854B22D99BB000834F79 /* AppDelegate.swift */ = {isa = PBXFileReference; lastKnownFileType = sourcecode.swift; path = AppDelegate.swift; sourceTree = "<group>"; };
		88BA854D22D99BB000834F79 /* SceneDelegate.swift */ = {isa = PBXFileReference; lastKnownFileType = sourcecode.swift; path = SceneDelegate.swift; sourceTree = "<group>"; };
		88BA854F22D99BB000834F79 /* ContentView.swift */ = {isa = PBXFileReference; lastKnownFileType = sourcecode.swift; path = ContentView.swift; sourceTree = "<group>"; };
		88BA855122D99BB100834F79 /* Assets.xcassets */ = {isa = PBXFileReference; lastKnownFileType = folder.assetcatalog; path = Assets.xcassets; sourceTree = "<group>"; };
		88BA855422D99BB100834F79 /* Preview Assets.xcassets */ = {isa = PBXFileReference; lastKnownFileType = folder.assetcatalog; path = "Preview Assets.xcassets"; sourceTree = "<group>"; };
		88BA855722D99BB100834F79 /* Base */ = {isa = PBXFileReference; lastKnownFileType = file.storyboard; name = Base; path = Base.lproj/LaunchScreen.storyboard; sourceTree = "<group>"; };
		88BA855922D99BB200834F79 /* Info.plist */ = {isa = PBXFileReference; lastKnownFileType = text.plist.xml; path = Info.plist; sourceTree = "<group>"; };
		88BA855E22D99BB200834F79 /* RGBullsEyeTests.xctest */ = {isa = PBXFileReference; explicitFileType = wrapper.cfbundle; includeInIndex = 0; path = RGBullsEyeTests.xctest; sourceTree = BUILT_PRODUCTS_DIR; };
		88BA856222D99BB200834F79 /* RGBullsEyeTests.swift */ = {isa = PBXFileReference; lastKnownFileType = sourcecode.swift; path = RGBullsEyeTests.swift; sourceTree = "<group>"; };
		88BA856422D99BB200834F79 /* Info.plist */ = {isa = PBXFileReference; lastKnownFileType = text.plist.xml; path = Info.plist; sourceTree = "<group>"; };
		88BA856922D99BB200834F79 /* RGBullsEyeUITests.xctest */ = {isa = PBXFileReference; explicitFileType = wrapper.cfbundle; includeInIndex = 0; path = RGBullsEyeUITests.xctest; sourceTree = BUILT_PRODUCTS_DIR; };
		88BA856D22D99BB200834F79 /* RGBullsEyeUITests.swift */ = {isa = PBXFileReference; lastKnownFileType = sourcecode.swift; path = RGBullsEyeUITests.swift; sourceTree = "<group>"; };
		88BA856F22D99BB200834F79 /* Info.plist */ = {isa = PBXFileReference; lastKnownFileType = text.plist.xml; path = Info.plist; sourceTree = "<group>"; };
/* End PBXFileReference section */

/* Begin PBXFrameworksBuildPhase section */
		88BA854522D99BB000834F79 /* Frameworks */ = {
			isa = PBXFrameworksBuildPhase;
			buildActionMask = 2147483647;
			files = (
			);
			runOnlyForDeploymentPostprocessing = 0;
		};
		88BA855B22D99BB200834F79 /* Frameworks */ = {
			isa = PBXFrameworksBuildPhase;
			buildActionMask = 2147483647;
			files = (
			);
			runOnlyForDeploymentPostprocessing = 0;
		};
		88BA856622D99BB200834F79 /* Frameworks */ = {
			isa = PBXFrameworksBuildPhase;
			buildActionMask = 2147483647;
			files = (
			);
			runOnlyForDeploymentPostprocessing = 0;
		};
/* End PBXFrameworksBuildPhase section */

/* Begin PBXGroup section */
		88BA853F22D99BB000834F79 = {
			isa = PBXGroup;
			children = (
				88BA854A22D99BB000834F79 /* RGBullsEye */,
				88BA856122D99BB200834F79 /* RGBullsEyeTests */,
				88BA856C22D99BB200834F79 /* RGBullsEyeUITests */,
				88BA854922D99BB000834F79 /* Products */,
			);
			sourceTree = "<group>";
		};
		88BA854922D99BB000834F79 /* Products */ = {
			isa = PBXGroup;
			children = (
				88BA854822D99BB000834F79 /* RGBullsEye.app */,
				88BA855E22D99BB200834F79 /* RGBullsEyeTests.xctest */,
				88BA856922D99BB200834F79 /* RGBullsEyeUITests.xctest */,
			);
			name = Products;
			sourceTree = "<group>";
		};
		88BA854A22D99BB000834F79 /* RGBullsEye */ = {
			isa = PBXGroup;
			children = (
				88BA854B22D99BB000834F79 /* AppDelegate.swift */,
				88BA854D22D99BB000834F79 /* SceneDelegate.swift */,
				88BA854F22D99BB000834F79 /* ContentView.swift */,
				88BA855122D99BB100834F79 /* Assets.xcassets */,
				88BA855622D99BB100834F79 /* LaunchScreen.storyboard */,
				88BA855922D99BB200834F79 /* Info.plist */,
				88BA855322D99BB100834F79 /* Preview Content */,
			);
			path = RGBullsEye;
			sourceTree = "<group>";
		};
		88BA855322D99BB100834F79 /* Preview Content */ = {
			isa = PBXGroup;
			children = (
				88BA855422D99BB100834F79 /* Preview Assets.xcassets */,
			);
			path = "Preview Content";
			sourceTree = "<group>";
		};
		88BA856122D99BB200834F79 /* RGBullsEyeTests */ = {
			isa = PBXGroup;
			children = (
				88BA856222D99BB200834F79 /* RGBullsEyeTests.swift */,
				88BA856422D99BB200834F79 /* Info.plist */,
			);
			path = RGBullsEyeTests;
			sourceTree = "<group>";
		};
		88BA856C22D99BB200834F79 /* RGBullsEyeUITests */ = {
			isa = PBXGroup;
			children = (
				88BA856D22D99BB200834F79 /* RGBullsEyeUITests.swift */,
				88BA856F22D99BB200834F79 /* Info.plist */,
			);
			path = RGBullsEyeUITests;
			sourceTree = "<group>";
		};
/* End PBXGroup section */

/* Begin PBXNativeTarget section */
		88BA854722D99BB000834F79 /* RGBullsEye */ = {
			isa = PBXNativeTarget;
			buildConfigurationList = 88BA857222D99BB200834F79 /* Build configuration list for PBXNativeTarget "RGBullsEye" */;
			buildPhases = (
				88BA854422D99BB000834F79 /* Sources */,
				88BA854522D99BB000834F79 /* Frameworks */,
				88BA854622D99BB000834F79 /* Resources */,
			);
			buildRules = (
			);
			dependencies = (
			);
			name = RGBullsEye;
			productName = RGBullsEye;
			productReference = 88BA854822D99BB000834F79 /* RGBullsEye.app */;
			productType = "com.apple.product-type.application";
		};
		88BA855D22D99BB200834F79 /* RGBullsEyeTests */ = {
			isa = PBXNativeTarget;
			buildConfigurationList = 88BA857522D99BB200834F79 /* Build configuration list for PBXNativeTarget "RGBullsEyeTests" */;
			buildPhases = (
				88BA855A22D99BB200834F79 /* Sources */,
				88BA855B22D99BB200834F79 /* Frameworks */,
				88BA855C22D99BB200834F79 /* Resources */,
			);
			buildRules = (
			);
			dependencies = (
				88BA856022D99BB200834F79 /* PBXTargetDependency */,
			);
			name = RGBullsEyeTests;
			productName = RGBullsEyeTests;
			productReference = 88BA855E22D99BB200834F79 /* RGBullsEyeTests.xctest */;
			productType = "com.apple.product-type.bundle.unit-test";
		};
		88BA856822D99BB200834F79 /* RGBullsEyeUITests */ = {
			isa = PBXNativeTarget;
			buildConfigurationList = 88BA857822D99BB200834F79 /* Build configuration list for PBXNativeTarget "RGBullsEyeUITests" */;
			buildPhases = (
				88BA856522D99BB200834F79 /* Sources */,
				88BA856622D99BB200834F79 /* Frameworks */,
				88BA856722D99BB200834F79 /* Resources */,
			);
			buildRules = (
			);
			dependencies = (
				88BA856B22D99BB200834F79 /* PBXTargetDependency */,
			);
			name = RGBullsEyeUITests;
			productName = RGBullsEyeUITests;
			productReference = 88BA856922D99BB200834F79 /* RGBullsEyeUITests.xctest */;
			productType = "com.apple.product-type.bundle.ui-testing";
		};
/* End PBXNativeTarget section */

/* Begin PBXProject section */
		88BA854022D99BB000834F79 /* Project object */ = {
			isa = PBXProject;
			attributes = {
				LastSwiftUpdateCheck = 1100;
				LastUpgradeCheck = 1100;
				ORGANIZATIONNAME = "Katherine Li";
				TargetAttributes = {
					88BA854722D99BB000834F79 = {
						CreatedOnToolsVersion = 11.0;
					};
					88BA855D22D99BB200834F79 = {
						CreatedOnToolsVersion = 11.0;
						TestTargetID = 88BA854722D99BB000834F79;
					};
					88BA856822D99BB200834F79 = {
						CreatedOnToolsVersion = 11.0;
						TestTargetID = 88BA854722D99BB000834F79;
					};
				};
			};
			buildConfigurationList = 88BA854322D99BB000834F79 /* Build configuration list for PBXProject "RGBullsEye" */;
			compatibilityVersion = "Xcode 9.3";
			developmentRegion = en;
			hasScannedForEncodings = 0;
			knownRegions = (
				en,
				Base,
			);
			mainGroup = 88BA853F22D99BB000834F79;
			productRefGroup = 88BA854922D99BB000834F79 /* Products */;
			projectDirPath = "";
			projectRoot = "";
			targets = (
				88BA854722D99BB000834F79 /* RGBullsEye */,
				88BA855D22D99BB200834F79 /* RGBullsEyeTests */,
				88BA856822D99BB200834F79 /* RGBullsEyeUITests */,
			);
		};
/* End PBXProject section */

/* Begin PBXResourcesBuildPhase section */
		88BA854622D99BB000834F79 /* Resources */ = {
			isa = PBXResourcesBuildPhase;
			buildActionMask = 2147483647;
			files = (
				88BA855822D99BB200834F79 /* LaunchScreen.storyboard in Resources */,
				88BA855522D99BB100834F79 /* Preview Assets.xcassets in Resources */,
				88BA855222D99BB100834F79 /* Assets.xcassets in Resources */,
			);
			runOnlyForDeploymentPostprocessing = 0;
		};
		88BA855C22D99BB200834F79 /* Resources */ = {
			isa = PBXResourcesBuildPhase;
			buildActionMask = 2147483647;
			files = (
			);
			runOnlyForDeploymentPostprocessing = 0;
		};
		88BA856722D99BB200834F79 /* Resources */ = {
			isa = PBXResourcesBuildPhase;
			buildActionMask = 2147483647;
			files = (
			);
			runOnlyForDeploymentPostprocessing = 0;
		};
/* End PBXResourcesBuildPhase section */

/* Begin PBXSourcesBuildPhase section */
		88BA854422D99BB000834F79 /* Sources */ = {
			isa = PBXSourcesBuildPhase;
			buildActionMask = 2147483647;
			files = (
				88BA854C22D99BB000834F79 /* AppDelegate.swift in Sources */,
				88BA854E22D99BB000834F79 /* SceneDelegate.swift in Sources */,
				88BA855022D99BB000834F79 /* ContentView.swift in Sources */,
			);
			runOnlyForDeploymentPostprocessing = 0;
		};
		88BA855A22D99BB200834F79 /* Sources */ = {
			isa = PBXSourcesBuildPhase;
			buildActionMask = 2147483647;
			files = (
				88BA856322D99BB200834F79 /* RGBullsEyeTests.swift in Sources */,
			);
			runOnlyForDeploymentPostprocessing = 0;
		};
		88BA856522D99BB200834F79 /* Sources */ = {
			isa = PBXSourcesBuildPhase;
			buildActionMask = 2147483647;
			files = (
				88BA856E22D99BB200834F79 /* RGBullsEyeUITests.swift in Sources */,
			);
			runOnlyForDeploymentPostprocessing = 0;
		};
/* End PBXSourcesBuildPhase section */

/* Begin PBXTargetDependency section */
		88BA856022D99BB200834F79 /* PBXTargetDependency */ = {
			isa = PBXTargetDependency;
			target = 88BA854722D99BB000834F79 /* RGBullsEye */;
			targetProxy = 88BA855F22D99BB200834F79 /* PBXContainerItemProxy */;
		};
		88BA856B22D99BB200834F79 /* PBXTargetDependency */ = {
			isa = PBXTargetDependency;
			target = 88BA854722D99BB000834F79 /* RGBullsEye */;
			targetProxy = 88BA856A22D99BB200834F79 /* PBXContainerItemProxy */;
		};
/* End PBXTargetDependency section */

/* Begin PBXVariantGroup section */
		88BA855622D99BB100834F79 /* LaunchScreen.storyboard */ = {
			isa = PBXVariantGroup;
			children = (
				88BA855722D99BB100834F79 /* Base */,
			);
			name = LaunchScreen.storyboard;
			sourceTree = "<group>";
		};
/* End PBXVariantGroup section */

/* Begin XCBuildConfiguration section */
		88BA857022D99BB200834F79 /* Debug */ = {
			isa = XCBuildConfiguration;
			buildSettings = {
				ALWAYS_SEARCH_USER_PATHS = NO;
				CLANG_ANALYZER_NONNULL = YES;
				CLANG_ANALYZER_NUMBER_OBJECT_CONVERSION = YES_AGGRESSIVE;
				CLANG_CXX_LANGUAGE_STANDARD = "gnu++14";
				CLANG_CXX_LIBRARY = "libc++";
				CLANG_ENABLE_MODULES = YES;
				CLANG_ENABLE_OBJC_ARC = YES;
				CLANG_ENABLE_OBJC_WEAK = YES;
				CLANG_WARN_BLOCK_CAPTURE_AUTORELEASING = YES;
				CLANG_WARN_BOOL_CONVERSION = YES;
				CLANG_WARN_COMMA = YES;
				CLANG_WARN_CONSTANT_CONVERSION = YES;
				CLANG_WARN_DEPRECATED_OBJC_IMPLEMENTATIONS = YES;
				CLANG_WARN_DIRECT_OBJC_ISA_USAGE = YES_ERROR;
				CLANG_WARN_DOCUMENTATION_COMMENTS = YES;
				CLANG_WARN_EMPTY_BODY = YES;
				CLANG_WARN_ENUM_CONVERSION = YES;
				CLANG_WARN_INFINITE_RECURSION = YES;
				CLANG_WARN_INT_CONVERSION = YES;
				CLANG_WARN_NON_LITERAL_NULL_CONVERSION = YES;
				CLANG_WARN_OBJC_IMPLICIT_RETAIN_SELF = YES;
				CLANG_WARN_OBJC_LITERAL_CONVERSION = YES;
				CLANG_WARN_OBJC_ROOT_CLASS = YES_ERROR;
				CLANG_WARN_RANGE_LOOP_ANALYSIS = YES;
				CLANG_WARN_STRICT_PROTOTYPES = YES;
				CLANG_WARN_SUSPICIOUS_MOVE = YES;
				CLANG_WARN_UNGUARDED_AVAILABILITY = YES_AGGRESSIVE;
				CLANG_WARN_UNREACHABLE_CODE = YES;
				CLANG_WARN__DUPLICATE_METHOD_MATCH = YES;
				COPY_PHASE_STRIP = NO;
				DEBUG_INFORMATION_FORMAT = dwarf;
				ENABLE_STRICT_OBJC_MSGSEND = YES;
				ENABLE_TESTABILITY = YES;
				GCC_C_LANGUAGE_STANDARD = gnu11;
				GCC_DYNAMIC_NO_PIC = NO;
				GCC_NO_COMMON_BLOCKS = YES;
				GCC_OPTIMIZATION_LEVEL = 0;
				GCC_PREPROCESSOR_DEFINITIONS = (
					"DEBUG=1",
					"$(inherited)",
				);
				GCC_WARN_64_TO_32_BIT_CONVERSION = YES;
				GCC_WARN_ABOUT_RETURN_TYPE = YES_ERROR;
				GCC_WARN_UNDECLARED_SELECTOR = YES;
				GCC_WARN_UNINITIALIZED_AUTOS = YES_AGGRESSIVE;
				GCC_WARN_UNUSED_FUNCTION = YES;
				GCC_WARN_UNUSED_VARIABLE = YES;
				IPHONEOS_DEPLOYMENT_TARGET = 13.0;
				MTL_ENABLE_DEBUG_INFO = INCLUDE_SOURCE;
				MTL_FAST_MATH = YES;
				ONLY_ACTIVE_ARCH = YES;
				SDKROOT = iphoneos;
				SWIFT_ACTIVE_COMPILATION_CONDITIONS = DEBUG;
				SWIFT_OPTIMIZATION_LEVEL = "-Onone";
			};
			name = Debug;
		};
		88BA857122D99BB200834F79 /* Release */ = {
			isa = XCBuildConfiguration;
			buildSettings = {
				ALWAYS_SEARCH_USER_PATHS = NO;
				CLANG_ANALYZER_NONNULL = YES;
				CLANG_ANALYZER_NUMBER_OBJECT_CONVERSION = YES_AGGRESSIVE;
				CLANG_CXX_LANGUAGE_STANDARD = "gnu++14";
				CLANG_CXX_LIBRARY = "libc++";
				CLANG_ENABLE_MODULES = YES;
				CLANG_ENABLE_OBJC_ARC = YES;
				CLANG_ENABLE_OBJC_WEAK = YES;
				CLANG_WARN_BLOCK_CAPTURE_AUTORELEASING = YES;
				CLANG_WARN_BOOL_CONVERSION = YES;
				CLANG_WARN_COMMA = YES;
				CLANG_WARN_CONSTANT_CONVERSION = YES;
				CLANG_WARN_DEPRECATED_OBJC_IMPLEMENTATIONS = YES;
				CLANG_WARN_DIRECT_OBJC_ISA_USAGE = YES_ERROR;
				CLANG_WARN_DOCUMENTATION_COMMENTS = YES;
				CLANG_WARN_EMPTY_BODY = YES;
				CLANG_WARN_ENUM_CONVERSION = YES;
				CLANG_WARN_INFINITE_RECURSION = YES;
				CLANG_WARN_INT_CONVERSION = YES;
				CLANG_WARN_NON_LITERAL_NULL_CONVERSION = YES;
				CLANG_WARN_OBJC_IMPLICIT_RETAIN_SELF = YES;
				CLANG_WARN_OBJC_LITERAL_CONVERSION = YES;
				CLANG_WARN_OBJC_ROOT_CLASS = YES_ERROR;
				CLANG_WARN_RANGE_LOOP_ANALYSIS = YES;
				CLANG_WARN_STRICT_PROTOTYPES = YES;
				CLANG_WARN_SUSPICIOUS_MOVE = YES;
				CLANG_WARN_UNGUARDED_AVAILABILITY = YES_AGGRESSIVE;
				CLANG_WARN_UNREACHABLE_CODE = YES;
				CLANG_WARN__DUPLICATE_METHOD_MATCH = YES;
				COPY_PHASE_STRIP = NO;
				DEBUG_INFORMATION_FORMAT = "dwarf-with-dsym";
				ENABLE_NS_ASSERTIONS = NO;
				ENABLE_STRICT_OBJC_MSGSEND = YES;
				GCC_C_LANGUAGE_STANDARD = gnu11;
				GCC_NO_COMMON_BLOCKS = YES;
				GCC_WARN_64_TO_32_BIT_CONVERSION = YES;
				GCC_WARN_ABOUT_RETURN_TYPE = YES_ERROR;
				GCC_WARN_UNDECLARED_SELECTOR = YES;
				GCC_WARN_UNINITIALIZED_AUTOS = YES_AGGRESSIVE;
				GCC_WARN_UNUSED_FUNCTION = YES;
				GCC_WARN_UNUSED_VARIABLE = YES;
				IPHONEOS_DEPLOYMENT_TARGET = 13.0;
				MTL_ENABLE_DEBUG_INFO = NO;
				MTL_FAST_MATH = YES;
				SDKROOT = iphoneos;
				SWIFT_COMPILATION_MODE = wholemodule;
				SWIFT_OPTIMIZATION_LEVEL = "-O";
				VALIDATE_PRODUCT = YES;
			};
			name = Release;
		};
		88BA857322D99BB200834F79 /* Debug */ = {
			isa = XCBuildConfiguration;
			buildSettings = {
				ASSETCATALOG_COMPILER_APPICON_NAME = AppIcon;
				CODE_SIGN_STYLE = Automatic;
				DEVELOPMENT_ASSET_PATHS = "RGBullsEye/Preview\\ Content";
				DEVELOPMENT_TEAM = TJ6XDGHC58;
				ENABLE_PREVIEWS = YES;
				INFOPLIST_FILE = RGBullsEye/Info.plist;
				LD_RUNPATH_SEARCH_PATHS = (
					"$(inherited)",
					"@executable_path/Frameworks",
				);
				PRODUCT_BUNDLE_IDENTIFIER = katherine.RGBullsEye;
				PRODUCT_NAME = "$(TARGET_NAME)";
				SWIFT_VERSION = 5.0;
				TARGETED_DEVICE_FAMILY = "1,2";
			};
			name = Debug;
		};
		88BA857422D99BB200834F79 /* Release */ = {
			isa = XCBuildConfiguration;
			buildSettings = {
				ASSETCATALOG_COMPILER_APPICON_NAME = AppIcon;
				CODE_SIGN_STYLE = Automatic;
				DEVELOPMENT_ASSET_PATHS = "RGBullsEye/Preview\\ Content";
				DEVELOPMENT_TEAM = TJ6XDGHC58;
				ENABLE_PREVIEWS = YES;
				INFOPLIST_FILE = RGBullsEye/Info.plist;
				LD_RUNPATH_SEARCH_PATHS = (
					"$(inherited)",
					"@executable_path/Frameworks",
				);
				PRODUCT_BUNDLE_IDENTIFIER = katherine.RGBullsEye;
				PRODUCT_NAME = "$(TARGET_NAME)";
				SWIFT_VERSION = 5.0;
				TARGETED_DEVICE_FAMILY = "1,2";
			};
			name = Release;
		};
		88BA857622D99BB200834F79 /* Debug */ = {
			isa = XCBuildConfiguration;
			buildSettings = {
				ALWAYS_EMBED_SWIFT_STANDARD_LIBRARIES = YES;
				BUNDLE_LOADER = "$(TEST_HOST)";
				CODE_SIGN_STYLE = Automatic;
				DEVELOPMENT_TEAM = TJ6XDGHC58;
				INFOPLIST_FILE = RGBullsEyeTests/Info.plist;
				LD_RUNPATH_SEARCH_PATHS = (
					"$(inherited)",
					"@executable_path/Frameworks",
					"@loader_path/Frameworks",
				);
				PRODUCT_BUNDLE_IDENTIFIER = katherine.RGBullsEyeTests;
				PRODUCT_NAME = "$(TARGET_NAME)";
				SWIFT_VERSION = 5.0;
				TARGETED_DEVICE_FAMILY = "1,2";
				TEST_HOST = "$(BUILT_PRODUCTS_DIR)/RGBullsEye.app/RGBullsEye";
			};
			name = Debug;
		};
		88BA857722D99BB200834F79 /* Release */ = {
			isa = XCBuildConfiguration;
			buildSettings = {
				ALWAYS_EMBED_SWIFT_STANDARD_LIBRARIES = YES;
				BUNDLE_LOADER = "$(TEST_HOST)";
				CODE_SIGN_STYLE = Automatic;
				DEVELOPMENT_TEAM = TJ6XDGHC58;
				INFOPLIST_FILE = RGBullsEyeTests/Info.plist;
				LD_RUNPATH_SEARCH_PATHS = (
					"$(inherited)",
					"@executable_path/Frameworks",
					"@loader_path/Frameworks",
				);
				PRODUCT_BUNDLE_IDENTIFIER = katherine.RGBullsEyeTests;
				PRODUCT_NAME = "$(TARGET_NAME)";
				SWIFT_VERSION = 5.0;
				TARGETED_DEVICE_FAMILY = "1,2";
				TEST_HOST = "$(BUILT_PRODUCTS_DIR)/RGBullsEye.app/RGBullsEye";
			};
			name = Release;
		};
		88BA857922D99BB200834F79 /* Debug */ = {
			isa = XCBuildConfiguration;
			buildSettings = {
				ALWAYS_EMBED_SWIFT_STANDARD_LIBRARIES = YES;
				CODE_SIGN_STYLE = Automatic;
				DEVELOPMENT_TEAM = TJ6XDGHC58;
				INFOPLIST_FILE = RGBullsEyeUITests/Info.plist;
				LD_RUNPATH_SEARCH_PATHS = (
					"$(inherited)",
					"@executable_path/Frameworks",
					"@loader_path/Frameworks",
				);
				PRODUCT_BUNDLE_IDENTIFIER = katherine.RGBullsEyeUITests;
				PRODUCT_NAME = "$(TARGET_NAME)";
				SWIFT_VERSION = 5.0;
				TARGETED_DEVICE_FAMILY = "1,2";
				TEST_TARGET_NAME = RGBullsEye;
			};
			name = Debug;
		};
		88BA857A22D99BB200834F79 /* Release */ = {
			isa = XCBuildConfiguration;
			buildSettings = {
				ALWAYS_EMBED_SWIFT_STANDARD_LIBRARIES = YES;
				CODE_SIGN_STYLE = Automatic;
				DEVELOPMENT_TEAM = TJ6XDGHC58;
				INFOPLIST_FILE = RGBullsEyeUITests/Info.plist;
				LD_RUNPATH_SEARCH_PATHS = (
					"$(inherited)",
					"@executable_path/Frameworks",
					"@loader_path/Frameworks",
				);
				PRODUCT_BUNDLE_IDENTIFIER = katherine.RGBullsEyeUITests;
				PRODUCT_NAME = "$(TARGET_NAME)";
				SWIFT_VERSION = 5.0;
				TARGETED_DEVICE_FAMILY = "1,2";
				TEST_TARGET_NAME = RGBullsEye;
			};
			name = Release;
		};
/* End XCBuildConfiguration section */

/* Begin XCConfigurationList section */
		88BA854322D99BB000834F79 /* Build configuration list for PBXProject "RGBullsEye" */ = {
			isa = XCConfigurationList;
			buildConfigurations = (
				88BA857022D99BB200834F79 /* Debug */,
				88BA857122D99BB200834F79 /* Release */,
			);
			defaultConfigurationIsVisible = 0;
			defaultConfigurationName = Release;
		};
		88BA857222D99BB200834F79 /* Build configuration list for PBXNativeTarget "RGBullsEye" */ = {
			isa = XCConfigurationList;
			buildConfigurations = (
				88BA857322D99BB200834F79 /* Debug */,
				88BA857422D99BB200834F79 /* Release */,
			);
			defaultConfigurationIsVisible = 0;
			defaultConfigurationName = Release;
		};
		88BA857522D99BB200834F79 /* Build configuration list for PBXNativeTarget "RGBullsEyeTests" */ = {
			isa = XCConfigurationList;
			buildConfigurations = (
				88BA857622D99BB200834F79 /* Debug */,
				88BA857722D99BB200834F79 /* Release */,
			);
			defaultConfigurationIsVisible = 0;
			defaultConfigurationName = Release;
		};
		88BA857822D99BB200834F79 /* Build configuration list for PBXNativeTarget "RGBullsEyeUITests" */ = {
			isa = XCConfigurationList;
			buildConfigurations = (
				88BA857922D99BB200834F79 /* Debug */,
				88BA857A22D99BB200834F79 /* Release */,
			);
			defaultConfigurationIsVisible = 0;
			defaultConfigurationName = Release;
		};
/* End XCConfigurationList section */
	};
	rootObject = 88BA854022D99BB000834F79 /* Project object */;
}
